{
  "name": "montydyn-exp4b",
  "lockfileVersion": 3,
  "requires": true,
  "packages": {
    "": {
      "name": "montydyn-exp4b",
      "devDependencies": {
        "quickjs-wasi": "3.0.0",
        "ws": "^8.18.0"
      }
    },
    "node_modules/quickjs-wasi": {
      "version": "3.0.0",
      "resolved": "https://registry.npmjs.org/quickjs-wasi/-/quickjs-wasi-3.0.0.tgz",
      "integrity": "sha512-X7ouKC4ZVf9bXQ8rsE7+L6TeBbesejAJH61x16xRaGAQGfBHHRcniWgzJZZVtHc8rS9yVsY+Tvk8/usAosg4bg==",
      "dev": true,
      "license": "MIT"
    },
    "node_modules/ws": {
      "version": "8.21.0",
      "resolved": "https://registry.npmjs.org/ws/-/ws-8.21.0.tgz",
      "integrity": "sha512-Vsp28b7DRcimFQvrqu2Wek3z1iYxDCWqHYB8Qsnk/S4RfaCQzPGPyBNuVjJV3cd6UiKtUtp6sNM77gWvzcCH+g==",
      "dev": true,
      "license": "MIT",
      "engines": {
        "node": ">=10.0.0"
      },
      "peerDependencies": {
        "bufferutil": "^4.0.1",
        "utf-8-validate": ">=5.0.2"
      },
      "peerDependenciesMeta": {
        "bufferutil": {
          "optional": true
        },
        "utf-8-validate": {
          "optional": true
        }
      }
    }
  }
}
