{
  "name": "exp-8",
  "version": "0.0.0",
  "lockfileVersion": 3,
  "requires": true,
  "packages": {
    "": {
      "name": "exp-8",
      "version": "0.0.0",
      "dependencies": {
        "quickjs-wasi": "3.0.0"
      }
    },
    "node_modules/quickjs-wasi": {
      "version": "3.0.0",
      "resolved": "https://registry.npmjs.org/quickjs-wasi/-/quickjs-wasi-3.0.0.tgz",
      "integrity": "sha512-X7ouKC4ZVf9bXQ8rsE7+L6TeBbesejAJH61x16xRaGAQGfBHHRcniWgzJZZVtHc8rS9yVsY+Tvk8/usAosg4bg==",
      "license": "MIT"
    }
  }
}
